
Microsoft Visual Studio Solution File, Format Version 12.00
# Visual Studio Version 17
VisualStudioVersion = 17.5.33516.290
MinimumVisualStudioVersion = 10.0.40219.1
Project("{FAE04EC0-301F-11D3-BF4B-00C04F79EFBC}") = "Assignment3WPF", "Assignment3WPF\Assignment3WPF.csproj", "{75AC9761-A763-4789-BDA0-10526E3B0046}"
EndProject
Global
	GlobalSection(SolutionConfigurationPlatforms) = preSolution
		Debug|Any CPU = Debug|Any CPU
		Release|Any CPU = Release|Any CPU
	EndGlobalSection
	GlobalSection(ProjectConfigurationPlatforms) = postSolution
		{75AC9761-A763-4789-BDA0-10526E3B0046}.Debug|Any CPU.ActiveCfg = Debug|Any CPU
		{75AC9761-A763-4789-BDA0-10526E3B0046}.Debug|Any CPU.Build.0 = Debug|Any CPU
		{75AC9761-A763-4789-BDA0-10526E3B0046}.Release|Any CPU.ActiveCfg = Release|Any CPU
		{75AC9761-A763-4789-BDA0-10526E3B0046}.Release|Any CPU.Build.0 = Release|Any CPU
	EndGlobalSection
	GlobalSection(SolutionProperties) = preSolution
		HideSolutionNode = FALSE
	EndGlobalSection
	GlobalSection(ExtensibilityGlobals) = postSolution
		SolutionGuid = {B85A6CF3-8BDB-4A64-903C-4C7B87B162B8}
	EndGlobalSection
EndGlobal
